{
  "name": "cargo-cp-artifact",
  "version": "0.2.0",
  "lockfileVersion": 2,
  "requires": true,
  "packages": {
    "": {
      "name": "cargo-cp-artifact",
      "version": "0.2.0",
      "hasInstallScript": true,
      "license": "MIT",
      "bin": {
        "cargo-cp-artifact": "bin/cargo-cp-artifact.js"
      },
      "devDependencies": {}
    }
  }
}
