{
  "name": "cargo-cp-artifact",
  "version": "0.2.0",
  "lockfileVersion": 2,
  "requires": true,
  "packages": {
    "": {
      "name": "cargo-cp-artifact",
      "version": "0.2.0",
      "license": "MIT",
      "bin": {
        "cargo-cp-artifact": "bin/cargo-cp-artifact.js"
      },
      "devDependencies": {
        "cross-target": "file:../cross-target"
      }
    },
    "../cross-target": {
      "version": "0.2.0",
      "dev": true,
      "license": "MIT",
      "dependencies": {
        "find-package-json": "^1.2.0",
        "handlebars": "^4.7.7"
      },
      "bin": {
        "cross-target": "dist/bin/cross-target.js"
      },
      "devDependencies": {
        "@types/chai": "^4.3.4",
        "@types/find-package-json": "^1.2.3",
        "@types/mocha": "^10.0.1",
        "@types/node": "^18.15.0",
        "chai": "^4.3.7",
        "mocha": "^10.2.0",
        "typescript": "^4.9.5"
      }
    },
    "node_modules/cross-target": {
      "resolved": "../cross-target",
      "link": true
    }
  },
  "dependencies": {
    "cross-target": {
      "version": "file:../cross-target",
      "requires": {
        "@types/chai": "^4.3.4",
        "@types/find-package-json": "^1.2.3",
        "@types/mocha": "^10.0.1",
        "@types/node": "^18.15.0",
        "chai": "^4.3.7",
        "find-package-json": "^1.2.0",
        "handlebars": "^4.7.7",
        "mocha": "^10.2.0",
        "typescript": "^4.9.5"
      }
    }
  }
}
