{
  "name": "tests",
  "version": "0.1.0",
  "lockfileVersion": 1,
  "requires": true,
  "dependencies": {
    "assertion-error": {
      "version": "1.1.0",
      "resolved": "https://registry.npmjs.org/assertion-error/-/assertion-error-1.1.0.tgz",
      "integrity": "sha512-jgsaNduz+ndvGyFt3uSuWqvy4lCnIJiovtouQN5JZHOKCS2QuhEdbcQHFhVksz2N2U9hXJo8odG7ETyWlEeuDw==",
      "dev": true
    },
    "balanced-match": {
      "version": "1.0.0",
      "resolved": "https://registry.npmjs.org/balanced-match/-/balanced-match-1.0.0.tgz",
      "integrity": "sha1-ibTRmasr7kneFk6gK4nORi1xt2c=",
      "dev": true
    },
    "brace-expansion": {
      "version": "1.1.11",
      "resolved": "https://registry.npmjs.org/brace-expansion/-/brace-expansion-1.1.11.tgz",
      "integrity": "sha512-iCuPHDFgrHX7H2vEI/5xpz07zSHB00TpugqhmYtVmMO6518mCuRMoOYFldEBl0g187ufozdaHgWKcYFb61qGiA==",
      "dev": true,
      "requires": {
        "balanced-match": "^1.0.0",
        "concat-map": "0.0.1"
      }
    },
    "browser-stdout": {
      "version": "1.3.1",
      "resolved": "https://registry.npmjs.org/browser-stdout/-/browser-stdout-1.3.1.tgz",
      "integrity": "sha512-qhAVI1+Av2X7qelOfAIYwXONood6XlZE/fXaBSmW/T5SzLAmCgzi+eiWE7fUvbHaeNBQH13UftjpXxsfLkMpgw==",
      "dev": true
    },
    "chai": {
      "version": "4.1.2",
      "resolved": "https://registry.npmjs.org/chai/-/chai-4.1.2.tgz",
      "integrity": "sha1-D2RYS6ZC8PKs4oBiefTwbKI61zw=",
      "dev": true,
      "requires": {
        "assertion-error": "^1.0.1",
        "check-error": "^1.0.1",
        "deep-eql": "^3.0.0",
        "get-func-name": "^2.0.0",
        "pathval": "^1.0.0",
        "type-detect": "^4.0.0"
      }
    },
    "check-error": {
      "version": "1.0.2",
      "resolved": "https://registry.npmjs.org/check-error/-/check-error-1.0.2.tgz",
      "integrity": "sha1-V00xLt2Iu13YkS6Sht1sCu1KrII=",
      "dev": true
    },
    "commander": {
      "version": "2.15.1",
      "resolved": "https://registry.npmjs.org/commander/-/commander-2.15.1.tgz",
      "integrity": "sha512-VlfT9F3V0v+jr4yxPc5gg9s62/fIVWsd2Bk2iD435um1NlGMYdVCq+MjcXnhYq2icNOizHr1kK+5TI6H0Hy0ag==",
      "dev": true
    },
    "concat-map": {
      "version": "0.0.1",
      "resolved": "https://registry.npmjs.org/concat-map/-/concat-map-0.0.1.tgz",
      "integrity": "sha1-2Klr13/Wjfd5OnMDajug1UBdR3s=",
      "dev": true
    },
    "debug": {
      "version": "3.1.0",
      "resolved": "https://registry.npmjs.org/debug/-/debug-3.1.0.tgz",
      "integrity": "sha512-OX8XqP7/1a9cqkxYw2yXss15f26NKWBpDXQd0/uK/KPqdQhxbPa994hnzjcE2VqQpDslf55723cKPUOGSmMY3g==",
      "dev": true,
      "requires": {
        "ms": "2.0.0"
      }
    },
    "deep-eql": {
      "version": "3.0.1",
      "resolved": "https://registry.npmjs.org/deep-eql/-/deep-eql-3.0.1.tgz",
      "integrity": "sha512-+QeIQyN5ZuO+3Uk5DYh6/1eKO0m0YmJFGNmFHGACpf1ClL1nmlV/p4gNgbl2pJGxgXb4faqo6UE+M5ACEMyVcw==",
      "dev": true,
      "requires": {
        "type-detect": "^4.0.0"
      }
    },
    "diff": {
      "version": "3.5.0",
      "resolved": "https://registry.npmjs.org/diff/-/diff-3.5.0.tgz",
      "integrity": "sha512-A46qtFgd+g7pDZinpnwiRJtxbC1hpgf0uzP3iG89scHk0AUC7A1TGxf5OiiOUv/JMZR8GOt8hL900hV0bOy5xA==",
      "dev": true
    },
    "escape-string-regexp": {
      "version": "1.0.5",
      "resolved": "https://registry.npmjs.org/escape-string-regexp/-/escape-string-regexp-1.0.5.tgz",
      "integrity": "sha1-G2HAViGQqN/2rjuyzwIAyhMLhtQ=",
      "dev": true
    },
    "fs.realpath": {
      "version": "1.0.0",
      "resolved": "https://registry.npmjs.org/fs.realpath/-/fs.realpath-1.0.0.tgz",
      "integrity": "sha1-FQStJSMVjKpA20onh8sBQRmU6k8=",
      "dev": true
    },
    "get-func-name": {
      "version": "2.0.0",
      "resolved": "https://registry.npmjs.org/get-func-name/-/get-func-name-2.0.0.tgz",
      "integrity": "sha1-6td0q+5y4gQJQzoGY2YCPdaIekE=",
      "dev": true
    },
    "glob": {
      "version": "7.1.2",
      "resolved": "https://registry.npmjs.org/glob/-/glob-7.1.2.tgz",
      "integrity": "sha512-MJTUg1kjuLeQCJ+ccE4Vpa6kKVXkPYJ2mOCQyUuKLcLQsdrMCpBPUi8qVE6+YuaJkozeA9NusTAw3hLr8Xe5EQ==",
      "dev": true,
      "requires": {
        "fs.realpath": "^1.0.0",
        "inflight": "^1.0.4",
        "inherits": "2",
        "minimatch": "^3.0.4",
        "once": "^1.3.0",
        "path-is-absolute": "^1.0.0"
      }
    },
    "growl": {
      "version": "1.10.5",
      "resolved": "https://registry.npmjs.org/growl/-/growl-1.10.5.tgz",
      "integrity": "sha512-qBr4OuELkhPenW6goKVXiv47US3clb3/IbuWF9KNKEijAy9oeHxU9IgzjvJhHkUzhaj7rOUD7+YGWqUjLp5oSA==",
      "dev": true
    },
    "has-flag": {
      "version": "3.0.0",
      "resolved": "https://registry.npmjs.org/has-flag/-/has-flag-3.0.0.tgz",
      "integrity": "sha1-tdRU3CGZriJWmfNGfloH87lVuv0=",
      "dev": true
    },
    "he": {
      "version": "1.1.1",
      "resolved": "https://registry.npmjs.org/he/-/he-1.1.1.tgz",
      "integrity": "sha1-k0EP0hsAlzUVH4howvJx80J+I/0=",
      "dev": true
    },
    "inflight": {
      "version": "1.0.6",
      "resolved": "https://registry.npmjs.org/inflight/-/inflight-1.0.6.tgz",
      "integrity": "sha1-Sb1jMdfQLQwJvJEKEHW6gWW1bfk=",
      "dev": true,
      "requires": {
        "once": "^1.3.0",
        "wrappy": "1"
      }
    },
    "inherits": {
      "version": "2.0.3",
      "resolved": "https://registry.npmjs.org/inherits/-/inherits-2.0.3.tgz",
      "integrity": "sha1-Yzwsg+PaQqUC9SRmAiSA9CCCYd4=",
      "dev": true
    },
    "minimatch": {
      "version": "3.0.4",
      "resolved": "https://registry.npmjs.org/minimatch/-/minimatch-3.0.4.tgz",
      "integrity": "sha512-yJHVQEhyqPLUTgt9B83PXu6W3rx4MvvHvSUvToogpwoGDOUQ+yDrR0HRot+yOCdCO7u4hX3pWft6kWBBcqh0UA==",
      "dev": true,
      "requires": {
        "brace-expansion": "^1.1.7"
      }
    },
    "minimist": {
      "version": "0.0.8",
      "resolved": "https://registry.npmjs.org/minimist/-/minimist-0.0.8.tgz",
      "integrity": "sha1-hX/Kv8M5fSYluCKCYuhqp6ARsF0=",
      "dev": true
    },
    "mkdirp": {
      "version": "0.5.1",
      "resolved": "https://registry.npmjs.org/mkdirp/-/mkdirp-0.5.1.tgz",
      "integrity": "sha1-MAV0OOrGz3+MR2fzhkjWaX11yQM=",
      "dev": true,
      "requires": {
        "minimist": "0.0.8"
      }
    },
    "mocha": {
      "version": "5.2.0",
      "resolved": "https://registry.npmjs.org/mocha/-/mocha-5.2.0.tgz",
      "integrity": "sha512-2IUgKDhc3J7Uug+FxMXuqIyYzH7gJjXECKe/w43IGgQHTSj3InJi+yAA7T24L9bQMRKiUEHxEX37G5JpVUGLcQ==",
      "dev": true,
      "requires": {
        "browser-stdout": "1.3.1",
        "commander": "2.15.1",
        "debug": "3.1.0",
        "diff": "3.5.0",
        "escape-string-regexp": "1.0.5",
        "glob": "7.1.2",
        "growl": "1.10.5",
        "he": "1.1.1",
        "minimatch": "3.0.4",
        "mkdirp": "0.5.1",
        "supports-color": "5.4.0"
      }
    },
    "ms": {
      "version": "2.0.0",
      "resolved": "https://registry.npmjs.org/ms/-/ms-2.0.0.tgz",
      "integrity": "sha1-VgiurfwAvmwpAd9fmGF4jeDVl8g=",
      "dev": true
    },
    "neon-cli": {
      "version": "file:../../cli",
      "requires": {
        "chalk": "~2.1.0",
        "command-line-args": "^4.0.2",
        "command-line-commands": "^2.0.0",
        "command-line-usage": "^4.0.0",
        "git-config": "0.0.7",
        "handlebars": "^4.0.3",
        "inquirer": "^3.0.6",
        "mkdirp": "^0.5.1",
        "quickly-copy-file": "^1.0.0",
        "rimraf": "^2.6.1",
        "rsvp": "^4.6.1",
        "semver": "^5.1.0",
        "toml": "^2.3.0",
        "ts-typed-json": "^0.2.2",
        "validate-npm-package-license": "^3.0.1",
        "validate-npm-package-name": "^3.0.0"
      },
      "dependencies": {
        "@types/chai": {
          "version": "4.1.3",
          "bundled": true
        },
        "@types/chalk": {
          "version": "0.4.31",
          "bundled": true
        },
        "@types/es6-promise": {
          "version": "0.0.33",
          "bundled": true
        },
        "@types/events": {
          "version": "1.2.0",
          "bundled": true
        },
        "@types/glob": {
          "version": "5.0.35",
          "bundled": true,
          "requires": {
            "@types/events": "*",
            "@types/minimatch": "*",
            "@types/node": "*"
          }
        },
        "@types/handlebars": {
          "version": "4.0.37",
          "bundled": true
        },
        "@types/inquirer": {
          "version": "0.0.35",
          "bundled": true,
          "requires": {
            "@types/rx": "*",
            "@types/through": "*"
          }
        },
        "@types/minimatch": {
          "version": "3.0.3",
          "bundled": true
        },
        "@types/mkdirp": {
          "version": "0.5.2",
          "bundled": true,
          "requires": {
            "@types/node": "*"
          }
        },
        "@types/mocha": {
          "version": "2.2.48",
          "bundled": true
        },
        "@types/nexpect": {
          "version": "0.4.30",
          "bundled": true,
          "requires": {
            "@types/node": "*"
          }
        },
        "@types/node": {
          "version": "8.10.18",
          "bundled": true
        },
        "@types/rimraf": {
          "version": "2.0.2",
          "bundled": true,
          "requires": {
            "@types/glob": "*",
            "@types/node": "*"
          }
        },
        "@types/rsvp": {
          "version": "3.3.3",
          "bundled": true
        },
        "@types/rx": {
          "version": "4.1.1",
          "bundled": true,
          "requires": {
            "@types/rx-core": "*",
            "@types/rx-core-binding": "*",
            "@types/rx-lite": "*",
            "@types/rx-lite-aggregates": "*",
            "@types/rx-lite-async": "*",
            "@types/rx-lite-backpressure": "*",
            "@types/rx-lite-coincidence": "*",
            "@types/rx-lite-experimental": "*",
            "@types/rx-lite-joinpatterns": "*",
            "@types/rx-lite-testing": "*",
            "@types/rx-lite-time": "*",
            "@types/rx-lite-virtualtime": "*"
          }
        },
        "@types/rx-core": {
          "version": "4.0.3",
          "bundled": true
        },
        "@types/rx-core-binding": {
          "version": "4.0.4",
          "bundled": true,
          "requires": {
            "@types/rx-core": "*"
          }
        },
        "@types/rx-lite": {
          "version": "4.0.5",
          "bundled": true,
          "requires": {
            "@types/rx-core": "*",
            "@types/rx-core-binding": "*"
          }
        },
        "@types/rx-lite-aggregates": {
          "version": "4.0.3",
          "bundled": true,
          "requires": {
            "@types/rx-lite": "*"
          }
        },
        "@types/rx-lite-async": {
          "version": "4.0.2",
          "bundled": true,
          "requires": {
            "@types/rx-lite": "*"
          }
        },
        "@types/rx-lite-backpressure": {
          "version": "4.0.3",
          "bundled": true,
          "requires": {
            "@types/rx-lite": "*"
          }
        },
        "@types/rx-lite-coincidence": {
          "version": "4.0.3",
          "bundled": true,
          "requires": {
            "@types/rx-lite": "*"
          }
        },
        "@types/rx-lite-experimental": {
          "version": "4.0.1",
          "bundled": true,
          "requires": {
            "@types/rx-lite": "*"
          }
        },
        "@types/rx-lite-joinpatterns": {
          "version": "4.0.1",
          "bundled": true,
          "requires": {
            "@types/rx-lite": "*"
          }
        },
        "@types/rx-lite-testing": {
          "version": "4.0.1",
          "bundled": true,
          "requires": {
            "@types/rx-lite-virtualtime": "*"
          }
        },
        "@types/rx-lite-time": {
          "version": "4.0.3",
          "bundled": true,
          "requires": {
            "@types/rx-lite": "*"
          }
        },
        "@types/rx-lite-virtualtime": {
          "version": "4.0.3",
          "bundled": true,
          "requires": {
            "@types/rx-lite": "*"
          }
        },
        "@types/semver": {
          "version": "5.5.0",
          "bundled": true
        },
        "@types/through": {
          "version": "0.0.29",
          "bundled": true,
          "requires": {
            "@types/node": "*"
          }
        },
        "@types/tmp": {
          "version": "0.0.33",
          "bundled": true
        },
        "align-text": {
          "version": "0.1.4",
          "bundled": true,
          "requires": {
            "kind-of": "^3.0.2",
            "longest": "^1.0.1",
            "repeat-string": "^1.5.2"
          }
        },
        "amdefine": {
          "version": "1.0.1",
          "bundled": true
        },
        "ansi-escape-sequences": {
          "version": "4.0.0",
          "bundled": true,
          "requires": {
            "array-back": "^2.0.0"
          }
        },
        "ansi-escapes": {
          "version": "3.1.0",
          "bundled": true
        },
        "ansi-regex": {
          "version": "3.0.0",
          "bundled": true
        },
        "ansi-styles": {
          "version": "3.2.1",
          "bundled": true,
          "requires": {
            "color-convert": "^1.9.0"
          }
        },
        "array-back": {
          "version": "2.0.0",
          "bundled": true,
          "requires": {
            "typical": "^2.6.1"
          }
        },
        "arrify": {
          "version": "1.0.1",
          "bundled": true
        },
        "assertion-error": {
          "version": "1.1.0",
          "bundled": true
        },
        "async": {
          "version": "1.5.2",
          "bundled": true
        },
        "balanced-match": {
          "version": "1.0.0",
          "bundled": true
        },
        "brace-expansion": {
          "version": "1.1.11",
          "bundled": true,
          "requires": {
            "balanced-match": "^1.0.0",
            "concat-map": "0.0.1"
          }
        },
        "browser-stdout": {
          "version": "1.3.1",
          "bundled": true
        },
        "builtins": {
          "version": "1.0.3",
          "bundled": true
        },
        "camelcase": {
          "version": "1.2.1",
          "bundled": true,
          "optional": true
        },
        "center-align": {
          "version": "0.1.3",
          "bundled": true,
          "optional": true,
          "requires": {
            "align-text": "^0.1.3",
            "lazy-cache": "^1.0.3"
          }
        },
        "chai": {
          "version": "3.5.0",
          "bundled": true,
          "requires": {
            "assertion-error": "^1.0.1",
            "deep-eql": "^0.1.3",
            "type-detect": "^1.0.0"
          }
        },
        "chalk": {
          "version": "2.1.0",
          "bundled": true,
          "requires": {
            "ansi-styles": "^3.1.0",
            "escape-string-regexp": "^1.0.5",
            "supports-color": "^4.0.0"
          }
        },
        "chardet": {
          "version": "0.4.2",
          "bundled": true
        },
        "cli-cursor": {
          "version": "2.1.0",
          "bundled": true,
          "requires": {
            "restore-cursor": "^2.0.0"
          }
        },
        "cli-width": {
          "version": "2.2.0",
          "bundled": true
        },
        "cliui": {
          "version": "2.1.0",
          "bundled": true,
          "optional": true,
          "requires": {
            "center-align": "^0.1.1",
            "right-align": "^0.1.1",
            "wordwrap": "0.0.2"
          },
          "dependencies": {
            "wordwrap": {
              "version": "0.0.2",
              "bundled": true,
              "optional": true
            }
          }
        },
        "color-convert": {
          "version": "1.9.1",
          "bundled": true,
          "requires": {
            "color-name": "^1.1.1"
          }
        },
        "color-name": {
          "version": "1.1.3",
          "bundled": true
        },
        "command-line-args": {
          "version": "4.0.7",
          "bundled": true,
          "requires": {
            "array-back": "^2.0.0",
            "find-replace": "^1.0.3",
            "typical": "^2.6.1"
          }
        },
        "command-line-commands": {
          "version": "2.0.1",
          "bundled": true,
          "requires": {
            "array-back": "^2.0.0"
          }
        },
        "command-line-usage": {
          "version": "4.1.0",
          "bundled": true,
          "requires": {
            "ansi-escape-sequences": "^4.0.0",
            "array-back": "^2.0.0",
            "table-layout": "^0.4.2",
            "typical": "^2.6.1"
          }
        },
        "commander": {
          "version": "2.15.1",
          "bundled": true
        },
        "concat-map": {
          "version": "0.0.1",
          "bundled": true
        },
        "debug": {
          "version": "3.1.0",
          "bundled": true,
          "requires": {
            "ms": "2.0.0"
          }
        },
        "decamelize": {
          "version": "1.2.0",
          "bundled": true,
          "optional": true
        },
        "deep-eql": {
          "version": "0.1.3",
          "bundled": true,
          "requires": {
            "type-detect": "0.1.1"
          },
          "dependencies": {
            "type-detect": {
              "version": "0.1.1",
              "bundled": true
            }
          }
        },
        "deep-extend": {
          "version": "0.6.0",
          "bundled": true
        },
        "diff": {
          "version": "3.5.0",
          "bundled": true
        },
        "escape-string-regexp": {
          "version": "1.0.5",
          "bundled": true
        },
        "external-editor": {
          "version": "2.2.0",
          "bundled": true,
          "requires": {
            "chardet": "^0.4.0",
            "iconv-lite": "^0.4.17",
            "tmp": "^0.0.33"
          }
        },
        "figures": {
          "version": "2.0.0",
          "bundled": true,
          "requires": {
            "escape-string-regexp": "^1.0.5"
          }
        },
        "find-replace": {
          "version": "1.0.3",
          "bundled": true,
          "requires": {
            "array-back": "^1.0.4",
            "test-value": "^2.1.0"
          },
          "dependencies": {
            "array-back": {
              "version": "1.0.4",
              "bundled": true,
              "requires": {
                "typical": "^2.6.0"
              }
            }
          }
        },
        "fs.realpath": {
          "version": "1.0.0",
          "bundled": true
        },
        "git-config": {
          "version": "0.0.7",
          "bundled": true,
          "requires": {
            "iniparser": "~1.0.5"
          }
        },
        "glob": {
          "version": "7.1.2",
          "bundled": true,
          "requires": {
            "fs.realpath": "^1.0.0",
            "inflight": "^1.0.4",
            "inherits": "2",
            "minimatch": "^3.0.4",
            "once": "^1.3.0",
            "path-is-absolute": "^1.0.0"
          }
        },
        "growl": {
          "version": "1.10.5",
          "bundled": true
        },
        "handlebars": {
          "version": "4.0.11",
          "bundled": true,
          "requires": {
            "async": "^1.4.0",
            "optimist": "^0.6.1",
            "source-map": "^0.4.4",
            "uglify-js": "^2.6"
          }
        },
        "has-flag": {
          "version": "2.0.0",
          "bundled": true
        },
        "he": {
          "version": "1.1.1",
          "bundled": true
        },
        "homedir-polyfill": {
          "version": "1.0.1",
          "bundled": true,
          "requires": {
            "parse-passwd": "^1.0.0"
          }
        },
        "iconv-lite": {
          "version": "0.4.23",
          "bundled": true,
          "requires": {
            "safer-buffer": ">= 2.1.2 < 3"
          }
        },
        "inflight": {
          "version": "1.0.6",
          "bundled": true,
          "requires": {
            "once": "^1.3.0",
            "wrappy": "1"
          }
        },
        "inherits": {
          "version": "2.0.3",
          "bundled": true
        },
        "iniparser": {
          "version": "1.0.5",
          "bundled": true
        },
        "inquirer": {
          "version": "3.3.0",
          "bundled": true,
          "requires": {
            "ansi-escapes": "^3.0.0",
            "chalk": "^2.0.0",
            "cli-cursor": "^2.1.0",
            "cli-width": "^2.0.0",
            "external-editor": "^2.0.4",
            "figures": "^2.0.0",
            "lodash": "^4.3.0",
            "mute-stream": "0.0.7",
            "run-async": "^2.2.0",
            "rx-lite": "^4.0.8",
            "rx-lite-aggregates": "^4.0.8",
            "string-width": "^2.1.0",
            "strip-ansi": "^4.0.0",
            "through": "^2.3.6"
          }
        },
        "is-buffer": {
          "version": "1.1.6",
          "bundled": true
        },
        "is-fullwidth-code-point": {
          "version": "2.0.0",
          "bundled": true
        },
        "is-promise": {
          "version": "2.1.0",
          "bundled": true
        },
        "kind-of": {
          "version": "3.2.2",
          "bundled": true,
          "requires": {
            "is-buffer": "^1.1.5"
          }
        },
        "lazy-cache": {
          "version": "1.0.4",
          "bundled": true,
          "optional": true
        },
        "lodash": {
          "version": "4.17.10",
          "bundled": true
        },
        "lodash.padend": {
          "version": "4.6.1",
          "bundled": true
        },
        "longest": {
          "version": "1.0.1",
          "bundled": true
        },
        "make-error": {
          "version": "1.3.4",
          "bundled": true
        },
        "mimic-fn": {
          "version": "1.2.0",
          "bundled": true
        },
        "minimatch": {
          "version": "3.0.4",
          "bundled": true,
          "requires": {
            "brace-expansion": "^1.1.7"
          }
        },
        "minimist": {
          "version": "0.0.10",
          "bundled": true
        },
        "mkdirp": {
          "version": "0.5.1",
          "bundled": true,
          "requires": {
            "minimist": "0.0.8"
          },
          "dependencies": {
            "minimist": {
              "version": "0.0.8",
              "bundled": true
            }
          }
        },
        "mocha": {
          "version": "5.2.0",
          "bundled": true,
          "requires": {
            "browser-stdout": "1.3.1",
            "commander": "2.15.1",
            "debug": "3.1.0",
            "diff": "3.5.0",
            "escape-string-regexp": "1.0.5",
            "glob": "7.1.2",
            "growl": "1.10.5",
            "he": "1.1.1",
            "minimatch": "3.0.4",
            "mkdirp": "0.5.1",
            "supports-color": "5.4.0"
          },
          "dependencies": {
            "has-flag": {
              "version": "3.0.0",
              "bundled": true
            },
            "supports-color": {
              "version": "5.4.0",
              "bundled": true,
              "requires": {
                "has-flag": "^3.0.0"
              }
            }
          }
        },
        "ms": {
          "version": "2.0.0",
          "bundled": true
        },
        "mute-stream": {
          "version": "0.0.7",
          "bundled": true
        },
        "nexpect": {
          "version": "0.5.0",
          "bundled": true
        },
        "once": {
          "version": "1.4.0",
          "bundled": true,
          "requires": {
            "wrappy": "1"
          }
        },
        "onetime": {
          "version": "2.0.1",
          "bundled": true,
          "requires": {
            "mimic-fn": "^1.0.0"
          }
        },
        "optimist": {
          "version": "0.6.1",
          "bundled": true,
          "requires": {
            "minimist": "~0.0.1",
            "wordwrap": "~0.0.2"
          }
        },
        "os-tmpdir": {
          "version": "1.0.2",
          "bundled": true
        },
        "parse-passwd": {
          "version": "1.0.0",
          "bundled": true
        },
        "path-is-absolute": {
          "version": "1.0.1",
          "bundled": true
        },
        "quickly-copy-file": {
          "version": "1.0.0",
          "bundled": true,
          "requires": {
            "mkdirp": "~0.5.0"
          }
        },
        "reduce-flatten": {
          "version": "1.0.1",
          "bundled": true
        },
        "repeat-string": {
          "version": "1.6.1",
          "bundled": true
        },
        "restore-cursor": {
          "version": "2.0.0",
          "bundled": true,
          "requires": {
            "onetime": "^2.0.0",
            "signal-exit": "^3.0.2"
          }
        },
        "right-align": {
          "version": "0.1.3",
          "bundled": true,
          "optional": true,
          "requires": {
            "align-text": "^0.1.1"
          }
        },
        "rimraf": {
          "version": "2.6.2",
          "bundled": true,
          "requires": {
            "glob": "^7.0.5"
          }
        },
        "rsvp": {
          "version": "4.8.2",
          "bundled": true
        },
        "run-async": {
          "version": "2.3.0",
          "bundled": true,
          "requires": {
            "is-promise": "^2.1.0"
          }
        },
        "rx-lite": {
          "version": "4.0.8",
          "bundled": true
        },
        "rx-lite-aggregates": {
          "version": "4.0.8",
          "bundled": true,
          "requires": {
            "rx-lite": "*"
          }
        },
        "safer-buffer": {
          "version": "2.1.2",
          "bundled": true
        },
        "semver": {
          "version": "5.5.0",
          "bundled": true
        },
        "signal-exit": {
          "version": "3.0.2",
          "bundled": true
        },
        "source-map": {
          "version": "0.4.4",
          "bundled": true,
          "requires": {
            "amdefine": ">=0.0.4"
          }
        },
        "source-map-support": {
          "version": "0.4.18",
          "bundled": true,
          "requires": {
            "source-map": "^0.5.6"
          },
          "dependencies": {
            "source-map": {
              "version": "0.5.7",
              "bundled": true
            }
          }
        },
        "spdx-correct": {
          "version": "3.0.0",
          "bundled": true,
          "requires": {
            "spdx-expression-parse": "^3.0.0",
            "spdx-license-ids": "^3.0.0"
          }
        },
        "spdx-exceptions": {
          "version": "2.1.0",
          "bundled": true
        },
        "spdx-expression-parse": {
          "version": "3.0.0",
          "bundled": true,
          "requires": {
            "spdx-exceptions": "^2.1.0",
            "spdx-license-ids": "^3.0.0"
          }
        },
        "spdx-license-ids": {
          "version": "3.0.0",
          "bundled": true
        },
        "string-width": {
          "version": "2.1.1",
          "bundled": true,
          "requires": {
            "is-fullwidth-code-point": "^2.0.0",
            "strip-ansi": "^4.0.0"
          }
        },
        "strip-ansi": {
          "version": "4.0.0",
          "bundled": true,
          "requires": {
            "ansi-regex": "^3.0.0"
          }
        },
        "strip-bom": {
          "version": "3.0.0",
          "bundled": true
        },
        "strip-json-comments": {
          "version": "2.0.1",
          "bundled": true
        },
        "supports-color": {
          "version": "4.5.0",
          "bundled": true,
          "requires": {
            "has-flag": "^2.0.0"
          }
        },
        "table-layout": {
          "version": "0.4.4",
          "bundled": true,
          "requires": {
            "array-back": "^2.0.0",
            "deep-extend": "~0.6.0",
            "lodash.padend": "^4.6.1",
            "typical": "^2.6.1",
            "wordwrapjs": "^3.0.0"
          }
        },
        "test-value": {
          "version": "2.1.0",
          "bundled": true,
          "requires": {
            "array-back": "^1.0.3",
            "typical": "^2.6.0"
          },
          "dependencies": {
            "array-back": {
              "version": "1.0.4",
              "bundled": true,
              "requires": {
                "typical": "^2.6.0"
              }
            }
          }
        },
        "through": {
          "version": "2.3.8",
          "bundled": true
        },
        "tmp": {
          "version": "0.0.33",
          "bundled": true,
          "requires": {
            "os-tmpdir": "~1.0.2"
          }
        },
        "toml": {
          "version": "2.3.3",
          "bundled": true
        },
        "ts-dict": {
          "version": "0.1.1",
          "bundled": true
        },
        "ts-node": {
          "version": "3.3.0",
          "bundled": true,
          "requires": {
            "arrify": "^1.0.0",
            "chalk": "^2.0.0",
            "diff": "^3.1.0",
            "make-error": "^1.1.1",
            "minimist": "^1.2.0",
            "mkdirp": "^0.5.1",
            "source-map-support": "^0.4.0",
            "tsconfig": "^6.0.0",
            "v8flags": "^3.0.0",
            "yn": "^2.0.0"
          },
          "dependencies": {
            "minimist": {
              "version": "1.2.0",
              "bundled": true
            }
          }
        },
        "ts-typed-json": {
          "version": "0.2.2",
          "bundled": true,
          "requires": {
            "rsvp": "^3.5.0"
          },
          "dependencies": {
            "rsvp": {
              "version": "3.6.2",
              "bundled": true
            }
          }
        },
        "ts-unknown": {
          "version": "0.2.0",
          "bundled": true
        },
        "tsconfig": {
          "version": "6.0.0",
          "bundled": true,
          "requires": {
            "strip-bom": "^3.0.0",
            "strip-json-comments": "^2.0.0"
          }
        },
        "type-detect": {
          "version": "1.0.0",
          "bundled": true
        },
        "typescript": {
          "version": "2.9.1",
          "bundled": true
        },
        "typical": {
          "version": "2.6.1",
          "bundled": true
        },
        "uglify-js": {
          "version": "2.8.29",
          "bundled": true,
          "optional": true,
          "requires": {
            "source-map": "~0.5.1",
            "uglify-to-browserify": "~1.0.0",
            "yargs": "~3.10.0"
          },
          "dependencies": {
            "source-map": {
              "version": "0.5.7",
              "bundled": true,
              "optional": true
            }
          }
        },
        "uglify-to-browserify": {
          "version": "1.0.2",
          "bundled": true,
          "optional": true
        },
        "v8flags": {
          "version": "3.1.0",
          "bundled": true,
          "requires": {
            "homedir-polyfill": "^1.0.1"
          }
        },
        "validate-npm-package-license": {
          "version": "3.0.3",
          "bundled": true,
          "requires": {
            "spdx-correct": "^3.0.0",
            "spdx-expression-parse": "^3.0.0"
          }
        },
        "validate-npm-package-name": {
          "version": "3.0.0",
          "bundled": true,
          "requires": {
            "builtins": "^1.0.3"
          }
        },
        "window-size": {
          "version": "0.1.0",
          "bundled": true,
          "optional": true
        },
        "wordwrap": {
          "version": "0.0.3",
          "bundled": true
        },
        "wordwrapjs": {
          "version": "3.0.0",
          "bundled": true,
          "requires": {
            "reduce-flatten": "^1.0.1",
            "typical": "^2.6.1"
          }
        },
        "wrappy": {
          "version": "1.0.2",
          "bundled": true
        },
        "yargs": {
          "version": "3.10.0",
          "bundled": true,
          "optional": true,
          "requires": {
            "camelcase": "^1.0.2",
            "cliui": "^2.1.0",
            "decamelize": "^1.0.0",
            "window-size": "0.1.0"
          }
        },
        "yn": {
          "version": "2.0.0",
          "bundled": true
        }
      }
    },
    "once": {
      "version": "1.4.0",
      "resolved": "https://registry.npmjs.org/once/-/once-1.4.0.tgz",
      "integrity": "sha1-WDsap3WWHUsROsF9nFC6753Xa9E=",
      "dev": true,
      "requires": {
        "wrappy": "1"
      }
    },
    "path-is-absolute": {
      "version": "1.0.1",
      "resolved": "https://registry.npmjs.org/path-is-absolute/-/path-is-absolute-1.0.1.tgz",
      "integrity": "sha1-F0uSaHNVNP+8es5r9TpanhtcX18=",
      "dev": true
    },
    "pathval": {
      "version": "1.1.0",
      "resolved": "https://registry.npmjs.org/pathval/-/pathval-1.1.0.tgz",
      "integrity": "sha1-uULm1L3mUwBe9rcTYd74cn0GReA=",
      "dev": true
    },
    "supports-color": {
      "version": "5.4.0",
      "resolved": "https://registry.npmjs.org/supports-color/-/supports-color-5.4.0.tgz",
      "integrity": "sha512-zjaXglF5nnWpsq470jSv6P9DwPvgLkuapYmfDm3JWOm0vkNTVF2tI4UrN2r6jH1qM/uc/WtxYY1hYoA2dOKj5w==",
      "dev": true,
      "requires": {
        "has-flag": "^3.0.0"
      }
    },
    "type-detect": {
      "version": "4.0.8",
      "resolved": "https://registry.npmjs.org/type-detect/-/type-detect-4.0.8.tgz",
      "integrity": "sha512-0fr/mIH1dlO+x7TlcMy+bIDqKPsw/70tVyeHW787goQjhmqaZe10uwLujubK9q9Lg6Fiho1KUKDYz0Z7k7g5/g==",
      "dev": true
    },
    "wrappy": {
      "version": "1.0.2",
      "resolved": "https://registry.npmjs.org/wrappy/-/wrappy-1.0.2.tgz",
      "integrity": "sha1-tSQ9jz7BqjXxNkYFvA0QNuMKtp8=",
      "dev": true
    }
  }
}
